// !$*UTF8*$!
{
	archiveVersion = 1;
	classes = {
	};
	objectVersion = 60;
	objects = {

/* Begin PBXBuildFile section */
		D200ACCD28F80EC600B43F52 /* {{cookiecutter.class_prefix}}AppDelegate.m in Sources */ = {isa = PBXBuildFile; fileRef = D200ACC828F80EC600B43F52 /* {{cookiecutter.class_prefix}}AppDelegate.m */; };
		D200ACCE28F80EC600B43F52 /* {{cookiecutter.class_prefix}}SceneDelegate.m in Sources */ = {isa = PBXBuildFile; fileRef = D200ACCA28F80EC600B43F52 /* {{cookiecutter.class_prefix}}SceneDelegate.m */; };
		D200ACCF28F80EC600B43F52 /* {{cookiecutter.class_prefix}}ViewController.m in Sources */ = {isa = PBXBuildFile; fileRef = D200ACCC28F80EC600B43F52 /* {{cookiecutter.class_prefix}}ViewController.m */; };
		D200ACD128F80ED000B43F52 /* main.m in Sources */ = {isa = PBXBuildFile; fileRef = D200ACD028F80ED000B43F52 /* main.m */; };
		D200ACD328F8115D00B43F52 /* {{cookiecutter.product_name}}.h in Headers */ = {isa = PBXBuildFile; fileRef = D27A8A982520AEAC006A6125 /* {{cookiecutter.product_name}}.h */; settings = {ATTRIBUTES = (Public, ); }; };
		D211C74B26AD2C6800432511 /* {{cookiecutter.product_name}}.xcassets in Resources */ = {isa = PBXBuildFile; fileRef = D211C74A26AD2C6800432511 /* {{cookiecutter.product_name}}.xcassets */; };
		D23FF0D025AD9B5200D755D9 /* Main.storyboard in Resources */ = {isa = PBXBuildFile; fileRef = D23FF0CE25AD9B5200D755D9 /* Main.storyboard */; };
		D23FF0D225AD9B5500D755D9 /* Assets.xcassets in Resources */ = {isa = PBXBuildFile; fileRef = D23FF0D125AD9B5500D755D9 /* Assets.xcassets */; };
		D23FF0D525AD9B5500D755D9 /* LaunchScreen.storyboard in Resources */ = {isa = PBXBuildFile; fileRef = D23FF0D325AD9B5500D755D9 /* LaunchScreen.storyboard */; };
		D23FF0E325AD9C5600D755D9 /* {{cookiecutter.product_name}}Tests.m in Sources */ = {isa = PBXBuildFile; fileRef = D23FF0E225AD9C5600D755D9 /* {{cookiecutter.product_name}}Tests.m */; };
		D23FF0E525AD9C5600D755D9 /* {{cookiecutter.product_name}}.framework in Frameworks */ = {isa = PBXBuildFile; fileRef = D27A8A1D25203F1A006A6125 /* {{cookiecutter.product_name}}.framework */; platformFilter = ios; };
		D27A8A992520AEAC006A6125 /* {{cookiecutter.product_name}}.h in Sources */ = {isa = PBXBuildFile; fileRef = D27A8A982520AEAC006A6125 /* {{cookiecutter.product_name}}.h */; };
/* End PBXBuildFile section */

/* Begin PBXContainerItemProxy section */
		D23FF0E625AD9C5600D755D9 /* PBXContainerItemProxy */ = {
			isa = PBXContainerItemProxy;
			containerPortal = D27A8A1425203F1A006A6125 /* Project object */;
			proxyType = 1;
			remoteGlobalIDString = D27A8A1C25203F1A006A6125;
			remoteInfo = "{{cookiecutter.product_name}}";
		};
		D23FF2BF25ADBF1100D755D9 /* PBXContainerItemProxy */ = {
			isa = PBXContainerItemProxy;
			containerPortal = D27A8A1425203F1A006A6125 /* Project object */;
			proxyType = 1;
			remoteGlobalIDString = D27A8A1C25203F1A006A6125;
			remoteInfo = "{{cookiecutter.product_name}}";
		};
/* End PBXContainerItemProxy section */

/* Begin PBXFileReference section */
		6F73B5F72C33AB4300768585 /* LICENSE */ = {isa = PBXFileReference; lastKnownFileType = text; path = LICENSE; sourceTree = SOURCE_ROOT; };
		6F73B5F82C33AB4300768585 /* README.md */ = {isa = PBXFileReference; lastKnownFileType = net.daringfireball.markdown; path = README.md; sourceTree = SOURCE_ROOT; };
		D200ACC728F80EC600B43F52 /* {{cookiecutter.class_prefix}}SceneDelegate.h */ = {isa = PBXFileReference; fileEncoding = 4; lastKnownFileType = sourcecode.c.h; path = "{{cookiecutter.class_prefix}}SceneDelegate.h"; sourceTree = "<group>"; };
		D200ACC828F80EC600B43F52 /* {{cookiecutter.class_prefix}}AppDelegate.m */ = {isa = PBXFileReference; fileEncoding = 4; lastKnownFileType = sourcecode.c.objc; path = "{{cookiecutter.class_prefix}}AppDelegate.m"; sourceTree = "<group>"; };
		D200ACC928F80EC600B43F52 /* {{cookiecutter.class_prefix}}AppDelegate.h */ = {isa = PBXFileReference; fileEncoding = 4; lastKnownFileType = sourcecode.c.h; path = "{{cookiecutter.class_prefix}}AppDelegate.h"; sourceTree = "<group>"; };
		D200ACCA28F80EC600B43F52 /* {{cookiecutter.class_prefix}}SceneDelegate.m */ = {isa = PBXFileReference; fileEncoding = 4; lastKnownFileType = sourcecode.c.objc; path = "{{cookiecutter.class_prefix}}SceneDelegate.m"; sourceTree = "<group>"; };
		D200ACCB28F80EC600B43F52 /* {{cookiecutter.class_prefix}}ViewController.h */ = {isa = PBXFileReference; fileEncoding = 4; lastKnownFileType = sourcecode.c.h; path = "{{cookiecutter.class_prefix}}ViewController.h"; sourceTree = "<group>"; };
		D200ACCC28F80EC600B43F52 /* {{cookiecutter.class_prefix}}ViewController.m */ = {isa = PBXFileReference; fileEncoding = 4; lastKnownFileType = sourcecode.c.objc; path = "{{cookiecutter.class_prefix}}ViewController.m"; sourceTree = "<group>"; };
		D200ACD028F80ED000B43F52 /* main.m */ = {isa = PBXFileReference; fileEncoding = 4; lastKnownFileType = sourcecode.c.objc; path = main.m; sourceTree = "<group>"; };
		D211C74A26AD2C6800432511 /* {{cookiecutter.product_name}}.xcassets */ = {isa = PBXFileReference; lastKnownFileType = folder.assetcatalog; path = "{{cookiecutter.product_name}}.xcassets"; sourceTree = "<group>"; };
		D23FF0C625AD9B5200D755D9 /* {{cookiecutter.product_name}}Demo.app */ = {isa = PBXFileReference; explicitFileType = wrapper.application; includeInIndex = 0; path = "{{cookiecutter.product_name}}Demo.app"; sourceTree = BUILT_PRODUCTS_DIR; };
		D23FF0CF25AD9B5200D755D9 /* Base */ = {isa = PBXFileReference; lastKnownFileType = file.storyboard; name = Base; path = Base.lproj/Main.storyboard; sourceTree = "<group>"; };
		D23FF0D125AD9B5500D755D9 /* Assets.xcassets */ = {isa = PBXFileReference; lastKnownFileType = folder.assetcatalog; path = Assets.xcassets; sourceTree = "<group>"; };
		D23FF0D425AD9B5500D755D9 /* Base */ = {isa = PBXFileReference; lastKnownFileType = file.storyboard; name = Base; path = Base.lproj/LaunchScreen.storyboard; sourceTree = "<group>"; };
		D23FF0D625AD9B5500D755D9 /* Info.plist */ = {isa = PBXFileReference; lastKnownFileType = text.plist.xml; path = Info.plist; sourceTree = "<group>"; };
		D23FF0E025AD9C5600D755D9 /* {{cookiecutter.product_name}}Tests.xctest */ = {isa = PBXFileReference; explicitFileType = wrapper.cfbundle; includeInIndex = 0; path = "{{cookiecutter.product_name}}Tests.xctest"; sourceTree = BUILT_PRODUCTS_DIR; };
		D23FF0E225AD9C5600D755D9 /* {{cookiecutter.product_name}}Tests.m */ = {isa = PBXFileReference; lastKnownFileType = sourcecode.c.objc; path = "{{cookiecutter.product_name}}Tests.m"; sourceTree = "<group>"; };
		D23FF0E425AD9C5600D755D9 /* Info.plist */ = {isa = PBXFileReference; lastKnownFileType = text.plist.xml; path = Info.plist; sourceTree = "<group>"; };
		D27A8A1D25203F1A006A6125 /* {{cookiecutter.product_name}}.framework */ = {isa = PBXFileReference; explicitFileType = wrapper.framework; includeInIndex = 0; path = "{{cookiecutter.product_name}}.framework"; sourceTree = BUILT_PRODUCTS_DIR; };
		D27A8A982520AEAC006A6125 /* {{cookiecutter.product_name}}.h */ = {isa = PBXFileReference; lastKnownFileType = sourcecode.c.h; path = "{{cookiecutter.product_name}}.h"; sourceTree = "<group>"; };
		D297DB782568F6390096BD54 /* Info.plist */ = {isa = PBXFileReference; fileEncoding = 4; lastKnownFileType = text.plist.xml; path = Info.plist; sourceTree = "<group>"; };
		D2F3DFA0269FD3D8006DB903 /* {{cookiecutter.product_name}}Demo.entitlements */ = {isa = PBXFileReference; lastKnownFileType = text.plist.entitlements; path = "{{cookiecutter.product_name}}Demo.entitlements"; sourceTree = "<group>"; };
		D2FCEA6A25F9F779005EAA15 /* {{cookiecutter.product_name}}.podspec */ = {isa = PBXFileReference; explicitFileType = text.script.ruby; path = "{{cookiecutter.product_name}}.podspec"; sourceTree = SOURCE_ROOT; };
/* End PBXFileReference section */

/* Begin PBXFrameworksBuildPhase section */
		D23FF0C325AD9B5200D755D9 /* Frameworks */ = {
			isa = PBXFrameworksBuildPhase;
			buildActionMask = 2147483647;
			files = (
			);
			runOnlyForDeploymentPostprocessing = 0;
		};
		D23FF0DD25AD9C5600D755D9 /* Frameworks */ = {
			isa = PBXFrameworksBuildPhase;
			buildActionMask = 2147483647;
			files = (
				D23FF0E525AD9C5600D755D9 /* {{cookiecutter.product_name}}.framework in Frameworks */,
			);
			runOnlyForDeploymentPostprocessing = 0;
		};
		D27A8A1A25203F1A006A6125 /* Frameworks */ = {
			isa = PBXFrameworksBuildPhase;
			buildActionMask = 2147483647;
			files = (
			);
			runOnlyForDeploymentPostprocessing = 0;
		};
/* End PBXFrameworksBuildPhase section */

/* Begin PBXGroup section */
		D200AD2328FD01F400B43F52 /* SupportingFiles */ = {
			isa = PBXGroup;
			children = (
				D23FF0E425AD9C5600D755D9 /* Info.plist */,
			);
			path = SupportingFiles;
			sourceTree = "<group>";
		};
		D239FB4126B5534A00FD1DA0 /* Assets */ = {
			isa = PBXGroup;
			children = (
				D211C74A26AD2C6800432511 /* {{cookiecutter.product_name}}.xcassets */,
			);
			path = Assets;
			sourceTree = "<group>";
		};
		D23DCF1D2595CCAC004EB5E3 /* SupportingFiles */ = {
			isa = PBXGroup;
			children = (
				D297DB782568F6390096BD54 /* Info.plist */,
				D2FCEA6A25F9F779005EAA15 /* {{cookiecutter.product_name}}.podspec */,
				6F73B5F82C33AB4300768585 /* README.md */,
				6F73B5F72C33AB4300768585 /* LICENSE */,
			);
			path = SupportingFiles;
			sourceTree = "<group>";
		};
		D23FF0C725AD9B5200D755D9 /* {{cookiecutter.product_name}}Demo */ = {
			isa = PBXGroup;
			children = (
				D200ACC928F80EC600B43F52 /* {{cookiecutter.class_prefix}}AppDelegate.h */,
				D200ACC828F80EC600B43F52 /* {{cookiecutter.class_prefix}}AppDelegate.m */,
				D200ACC728F80EC600B43F52 /* {{cookiecutter.class_prefix}}SceneDelegate.h */,
				D200ACCA28F80EC600B43F52 /* {{cookiecutter.class_prefix}}SceneDelegate.m */,
				D200ACCB28F80EC600B43F52 /* {{cookiecutter.class_prefix}}ViewController.h */,
				D200ACCC28F80EC600B43F52 /* {{cookiecutter.class_prefix}}ViewController.m */,
				D2A3333927D0A20300705185 /* SupportingFiles */,
			);
			path = "{{cookiecutter.product_name}}Demo";
			sourceTree = "<group>";
		};
		D23FF0E125AD9C5600D755D9 /* {{cookiecutter.product_name}}Tests */ = {
			isa = PBXGroup;
			children = (
				D23FF0E225AD9C5600D755D9 /* {{cookiecutter.product_name}}Tests.m */,
				D200AD2328FD01F400B43F52 /* SupportingFiles */,
			);
			path = "{{cookiecutter.product_name}}Tests";
			sourceTree = "<group>";
		};
		D27A8A1325203F1A006A6125 = {
			isa = PBXGroup;
			children = (
				D27A8A1F25203F1A006A6125 /* {{cookiecutter.product_name}} */,
				D23FF0C725AD9B5200D755D9 /* {{cookiecutter.product_name}}Demo */,
				D23FF0E125AD9C5600D755D9 /* {{cookiecutter.product_name}}Tests */,
				D27A8A1E25203F1A006A6125 /* Products */,
			);
			sourceTree = "<group>";
		};
		D27A8A1E25203F1A006A6125 /* Products */ = {
			isa = PBXGroup;
			children = (
				D27A8A1D25203F1A006A6125 /* {{cookiecutter.product_name}}.framework */,
				D23FF0C625AD9B5200D755D9 /* {{cookiecutter.product_name}}Demo.app */,
				D23FF0E025AD9C5600D755D9 /* {{cookiecutter.product_name}}Tests.xctest */,
			);
			name = Products;
			sourceTree = "<group>";
		};
		D27A8A1F25203F1A006A6125 /* {{cookiecutter.product_name}} */ = {
			isa = PBXGroup;
			children = (
				D239FB4126B5534A00FD1DA0 /* Assets */,
				D27A8A28252052BE006A6125 /* Sources */,
				D23DCF1D2595CCAC004EB5E3 /* SupportingFiles */,
			);
			path = "{{cookiecutter.product_name}}";
			sourceTree = "<group>";
		};
		D27A8A28252052BE006A6125 /* Sources */ = {
			isa = PBXGroup;
			children = (
				D27A8A982520AEAC006A6125 /* {{cookiecutter.product_name}}.h */,
			);
			path = Sources;
			sourceTree = "<group>";
		};
		D2A3333927D0A20300705185 /* SupportingFiles */ = {
			isa = PBXGroup;
			children = (
				D200ACD028F80ED000B43F52 /* main.m */,
				D23FF0CE25AD9B5200D755D9 /* Main.storyboard */,
				D23FF0D325AD9B5500D755D9 /* LaunchScreen.storyboard */,
				D23FF0D125AD9B5500D755D9 /* Assets.xcassets */,
				D2F3DFA0269FD3D8006DB903 /* {{cookiecutter.product_name}}Demo.entitlements */,
				D23FF0D625AD9B5500D755D9 /* Info.plist */,
			);
			path = SupportingFiles;
			sourceTree = "<group>";
		};
/* End PBXGroup section */

/* Begin PBXHeadersBuildPhase section */
		D27A8A1825203F1A006A6125 /* Headers */ = {
			isa = PBXHeadersBuildPhase;
			buildActionMask = 2147483647;
			files = (
				D200ACD328F8115D00B43F52 /* {{cookiecutter.product_name}}.h in Headers */,
			);
			runOnlyForDeploymentPostprocessing = 0;
		};
/* End PBXHeadersBuildPhase section */

/* Begin PBXNativeTarget section */
		D23FF0C525AD9B5200D755D9 /* {{cookiecutter.product_name}}Demo */ = {
			isa = PBXNativeTarget;
			buildConfigurationList = D23FF0D925AD9B5500D755D9 /* Build configuration list for PBXNativeTarget "{{cookiecutter.product_name}}Demo" */;
			buildPhases = (
				D23FF0C225AD9B5200D755D9 /* Sources */,
				D23FF0C325AD9B5200D755D9 /* Frameworks */,
				D23FF0C425AD9B5200D755D9 /* Resources */,
			);
			buildRules = (
			);
			dependencies = (
				D23FF2C025ADBF1100D755D9 /* PBXTargetDependency */,
			);
			name = "{{cookiecutter.product_name}}Demo";
			productName = "{{cookiecutter.product_name}}Demo";
			productReference = D23FF0C625AD9B5200D755D9 /* {{cookiecutter.product_name}}Demo.app */;
			productType = "com.apple.product-type.application";
		};
		D23FF0DF25AD9C5600D755D9 /* {{cookiecutter.product_name}}Tests */ = {
			isa = PBXNativeTarget;
			buildConfigurationList = D23FF0E825AD9C5600D755D9 /* Build configuration list for PBXNativeTarget "{{cookiecutter.product_name}}Tests" */;
			buildPhases = (
				D23FF0DC25AD9C5600D755D9 /* Sources */,
				D23FF0DD25AD9C5600D755D9 /* Frameworks */,
				D23FF0DE25AD9C5600D755D9 /* Resources */,
			);
			buildRules = (
			);
			dependencies = (
				D23FF0E725AD9C5600D755D9 /* PBXTargetDependency */,
			);
			name = "{{cookiecutter.product_name}}Tests";
			productName = "{{cookiecutter.product_name}}Tests";
			productReference = D23FF0E025AD9C5600D755D9 /* {{cookiecutter.product_name}}Tests.xctest */;
			productType = "com.apple.product-type.bundle.unit-test";
		};
		D27A8A1C25203F1A006A6125 /* {{cookiecutter.product_name}} */ = {
			isa = PBXNativeTarget;
			buildConfigurationList = D27A8A2525203F1A006A6125 /* Build configuration list for PBXNativeTarget "{{cookiecutter.product_name}}" */;
			buildPhases = (
				D27A8A1825203F1A006A6125 /* Headers */,
				D27A8A1925203F1A006A6125 /* Sources */,
				D27A8A1A25203F1A006A6125 /* Frameworks */,
				D27A8A1B25203F1A006A6125 /* Resources */,
			);
			buildRules = (
			);
			dependencies = (
			);
			name = "{{cookiecutter.product_name}}";
			productName = "{{cookiecutter.product_name}}";
			productReference = D27A8A1D25203F1A006A6125 /* {{cookiecutter.product_name}}.framework */;
			productType = "com.apple.product-type.framework";
		};
/* End PBXNativeTarget section */

/* Begin PBXProject section */
		D27A8A1425203F1A006A6125 /* Project object */ = {
			isa = PBXProject;
			attributes = {
				BuildIndependentTargetsInParallel = YES;
				CLASSPREFIX = "{{cookiecutter.class_prefix}}";
				LastSwiftUpdateCheck = 1230;
				LastUpgradeCheck = 1530;
				ORGANIZATIONNAME = "{{cookiecutter.organization_name}}";
				TargetAttributes = {
					D23FF0C525AD9B5200D755D9 = {
						CreatedOnToolsVersion = 12.3;
						LastSwiftMigration = 1320;
					};
					D23FF0DF25AD9C5600D755D9 = {
						CreatedOnToolsVersion = 12.3;
					};
					D27A8A1C25203F1A006A6125 = {
						CreatedOnToolsVersion = 11.7;
						LastSwiftMigration = 1170;
					};
				};
			};
			buildConfigurationList = D27A8A1725203F1A006A6125 /* Build configuration list for PBXProject "{{cookiecutter.product_name}}" */;
			compatibilityVersion = "Xcode 15.0";
			developmentRegion = en;
			hasScannedForEncodings = 0;
			knownRegions = (
				en,
				Base,
			);
			mainGroup = D27A8A1325203F1A006A6125;
			productRefGroup = D27A8A1E25203F1A006A6125 /* Products */;
			projectDirPath = "";
			projectRoot = "";
			targets = (
				D27A8A1C25203F1A006A6125 /* {{cookiecutter.product_name}} */,
				D23FF0C525AD9B5200D755D9 /* {{cookiecutter.product_name}}Demo */,
				D23FF0DF25AD9C5600D755D9 /* {{cookiecutter.product_name}}Tests */,
			);
		};
/* End PBXProject section */

/* Begin PBXResourcesBuildPhase section */
		D23FF0C425AD9B5200D755D9 /* Resources */ = {
			isa = PBXResourcesBuildPhase;
			buildActionMask = 2147483647;
			files = (
				D23FF0D525AD9B5500D755D9 /* LaunchScreen.storyboard in Resources */,
				D23FF0D225AD9B5500D755D9 /* Assets.xcassets in Resources */,
				D23FF0D025AD9B5200D755D9 /* Main.storyboard in Resources */,
			);
			runOnlyForDeploymentPostprocessing = 0;
		};
		D23FF0DE25AD9C5600D755D9 /* Resources */ = {
			isa = PBXResourcesBuildPhase;
			buildActionMask = 2147483647;
			files = (
			);
			runOnlyForDeploymentPostprocessing = 0;
		};
		D27A8A1B25203F1A006A6125 /* Resources */ = {
			isa = PBXResourcesBuildPhase;
			buildActionMask = 2147483647;
			files = (
				D211C74B26AD2C6800432511 /* {{cookiecutter.product_name}}.xcassets in Resources */,
			);
			runOnlyForDeploymentPostprocessing = 0;
		};
/* End PBXResourcesBuildPhase section */

/* Begin PBXSourcesBuildPhase section */
		D23FF0C225AD9B5200D755D9 /* Sources */ = {
			isa = PBXSourcesBuildPhase;
			buildActionMask = 2147483647;
			files = (
				D200ACCF28F80EC600B43F52 /* {{cookiecutter.class_prefix}}ViewController.m in Sources */,
				D200ACCD28F80EC600B43F52 /* {{cookiecutter.class_prefix}}AppDelegate.m in Sources */,
				D200ACCE28F80EC600B43F52 /* {{cookiecutter.class_prefix}}SceneDelegate.m in Sources */,
				D200ACD128F80ED000B43F52 /* main.m in Sources */,
			);
			runOnlyForDeploymentPostprocessing = 0;
		};
		D23FF0DC25AD9C5600D755D9 /* Sources */ = {
			isa = PBXSourcesBuildPhase;
			buildActionMask = 2147483647;
			files = (
				D23FF0E325AD9C5600D755D9 /* {{cookiecutter.product_name}}Tests.m in Sources */,
			);
			runOnlyForDeploymentPostprocessing = 0;
		};
		D27A8A1925203F1A006A6125 /* Sources */ = {
			isa = PBXSourcesBuildPhase;
			buildActionMask = 2147483647;
			files = (
				D27A8A992520AEAC006A6125 /* {{cookiecutter.product_name}}.h in Sources */,
			);
			runOnlyForDeploymentPostprocessing = 0;
		};
/* End PBXSourcesBuildPhase section */

/* Begin PBXTargetDependency section */
		D23FF0E725AD9C5600D755D9 /* PBXTargetDependency */ = {
			isa = PBXTargetDependency;
			platformFilter = ios;
			target = D27A8A1C25203F1A006A6125 /* {{cookiecutter.product_name}} */;
			targetProxy = D23FF0E625AD9C5600D755D9 /* PBXContainerItemProxy */;
		};
		D23FF2C025ADBF1100D755D9 /* PBXTargetDependency */ = {
			isa = PBXTargetDependency;
			platformFilter = ios;
			target = D27A8A1C25203F1A006A6125 /* {{cookiecutter.product_name}} */;
			targetProxy = D23FF2BF25ADBF1100D755D9 /* PBXContainerItemProxy */;
		};
/* End PBXTargetDependency section */

/* Begin PBXVariantGroup section */
		D23FF0CE25AD9B5200D755D9 /* Main.storyboard */ = {
			isa = PBXVariantGroup;
			children = (
				D23FF0CF25AD9B5200D755D9 /* Base */,
			);
			name = Main.storyboard;
			sourceTree = "<group>";
		};
		D23FF0D325AD9B5500D755D9 /* LaunchScreen.storyboard */ = {
			isa = PBXVariantGroup;
			children = (
				D23FF0D425AD9B5500D755D9 /* Base */,
			);
			name = LaunchScreen.storyboard;
			sourceTree = "<group>";
		};
/* End PBXVariantGroup section */

/* Begin XCBuildConfiguration section */
		D23FF0D725AD9B5500D755D9 /* Debug */ = {
			isa = XCBuildConfiguration;
			buildSettings = {
				ALWAYS_EMBED_SWIFT_STANDARD_LIBRARIES = "$(inherited)";
				ASSETCATALOG_COMPILER_APPICON_NAME = AppIcon;
				ASSETCATALOG_COMPILER_GLOBAL_ACCENT_COLOR_NAME = AccentColor;
				CLANG_ENABLE_MODULES = YES;
				CLANG_OPTIMIZATION_PROFILE_FILE = "$(SRCROOT)/OptimizationProfiles/$(PRODUCT_NAME).profdata";
				CLANG_WARN_QUOTED_INCLUDE_IN_FRAMEWORK_HEADER = "$(inherited)";
				CODE_SIGN_ENTITLEMENTS = "$(TARGET_NAME)/SupportingFiles/$(TARGET_NAME).entitlements";
				CODE_SIGN_STYLE = Automatic;
				DEVELOPMENT_TEAM = 97LF6BB4ZK;
				DRIVERKIT_DEPLOYMENT_TARGET = 20.0;
				ENABLE_USER_SCRIPT_SANDBOXING = NO;
				INFOPLIST_FILE = "$(TARGET_NAME)/SupportingFiles/Info.plist";
				IPHONEOS_DEPLOYMENT_TARGET = 13.0;
				LD_RUNPATH_SEARCH_PATHS = (
					"$(inherited)",
					"@executable_path/Frameworks",
				);
				MACOSX_DEPLOYMENT_TARGET = 13.0;
				MARKETING_VERSION = 1.0.0;
				PRODUCT_BUNDLE_IDENTIFIER = "{{cookiecutter.organization_identifier}}.{{cookiecutter.product_name}}Demo";
				PRODUCT_MODULE_NAME = "$(PRODUCT_NAME)";
				PRODUCT_NAME = "$(TARGET_NAME)";
				SUPPORTS_MACCATALYST = NO;
				SWIFT_OPTIMIZATION_LEVEL = "-Onone";
				SWIFT_VERSION = 5.0;
				TARGETED_DEVICE_FAMILY = 1;
				TVOS_DEPLOYMENT_TARGET = 13.0;
				WATCHOS_DEPLOYMENT_TARGET = 10.0;
				XROS_DEPLOYMENT_TARGET = 1.0;
			};
			name = Debug;
		};
		D23FF0D825AD9B5500D755D9 /* Release */ = {
			isa = XCBuildConfiguration;
			buildSettings = {
				ALWAYS_EMBED_SWIFT_STANDARD_LIBRARIES = "$(inherited)";
				ASSETCATALOG_COMPILER_APPICON_NAME = AppIcon;
				ASSETCATALOG_COMPILER_GLOBAL_ACCENT_COLOR_NAME = AccentColor;
				CLANG_ENABLE_MODULES = YES;
				CLANG_OPTIMIZATION_PROFILE_FILE = "$(SRCROOT)/OptimizationProfiles/$(PRODUCT_NAME).profdata";
				CLANG_WARN_QUOTED_INCLUDE_IN_FRAMEWORK_HEADER = "$(inherited)";
				CODE_SIGN_ENTITLEMENTS = "$(TARGET_NAME)/SupportingFiles/$(TARGET_NAME).entitlements";
				CODE_SIGN_STYLE = Automatic;
				DEVELOPMENT_TEAM = 97LF6BB4ZK;
				DRIVERKIT_DEPLOYMENT_TARGET = 20.0;
				ENABLE_USER_SCRIPT_SANDBOXING = NO;
				INFOPLIST_FILE = "$(TARGET_NAME)/SupportingFiles/Info.plist";
				IPHONEOS_DEPLOYMENT_TARGET = 13.0;
				LD_RUNPATH_SEARCH_PATHS = (
					"$(inherited)",
					"@executable_path/Frameworks",
				);
				MACOSX_DEPLOYMENT_TARGET = 13.0;
				MARKETING_VERSION = 1.0.0;
				PRODUCT_BUNDLE_IDENTIFIER = "{{cookiecutter.organization_identifier}}.{{cookiecutter.product_name}}Demo";
				PRODUCT_MODULE_NAME = "$(PRODUCT_NAME)";
				PRODUCT_NAME = "$(TARGET_NAME)";
				SUPPORTS_MACCATALYST = NO;
				SWIFT_VERSION = 5.0;
				TARGETED_DEVICE_FAMILY = 1;
				TVOS_DEPLOYMENT_TARGET = 13.0;
				WATCHOS_DEPLOYMENT_TARGET = 10.0;
				XROS_DEPLOYMENT_TARGET = 1.0;
			};
			name = Release;
		};
		D23FF0E925AD9C5600D755D9 /* Debug */ = {
			isa = XCBuildConfiguration;
			buildSettings = {
				ALWAYS_EMBED_SWIFT_STANDARD_LIBRARIES = "$(inherited)";
				CLANG_OPTIMIZATION_PROFILE_FILE = "$(SRCROOT)/OptimizationProfiles/$(PRODUCT_NAME).profdata";
				CLANG_WARN_QUOTED_INCLUDE_IN_FRAMEWORK_HEADER = "$(inherited)";
				CODE_SIGN_STYLE = Automatic;
				DEVELOPMENT_TEAM = 97LF6BB4ZK;
				DRIVERKIT_DEPLOYMENT_TARGET = 20.0;
				ENABLE_USER_SCRIPT_SANDBOXING = NO;
				INFOPLIST_FILE = "$(TARGET_NAME)/SupportingFiles/Info.plist";
				IPHONEOS_DEPLOYMENT_TARGET = 13.0;
				LD_RUNPATH_SEARCH_PATHS = (
					"$(inherited)",
					"@executable_path/Frameworks",
					"@loader_path/Frameworks",
				);
				MACOSX_DEPLOYMENT_TARGET = 13.0;
				MARKETING_VERSION = 1.0.0;
				PRODUCT_BUNDLE_IDENTIFIER = "{{cookiecutter.organization_identifier}}.{{cookiecutter.product_name}}Tests";
				PRODUCT_MODULE_NAME = "$(PRODUCT_NAME)";
				PRODUCT_NAME = "$(TARGET_NAME)";
				SWIFT_VERSION = 5.0;
				TARGETED_DEVICE_FAMILY = "1,2";
				TVOS_DEPLOYMENT_TARGET = 13.0;
				VERSIONING_SYSTEM = "apple-generic-hidden";
				WATCHOS_DEPLOYMENT_TARGET = 10.0;
				XROS_DEPLOYMENT_TARGET = 1.0;
			};
			name = Debug;
		};
		D23FF0EA25AD9C5600D755D9 /* Release */ = {
			isa = XCBuildConfiguration;
			buildSettings = {
				ALWAYS_EMBED_SWIFT_STANDARD_LIBRARIES = "$(inherited)";
				CLANG_OPTIMIZATION_PROFILE_FILE = "$(SRCROOT)/OptimizationProfiles/$(PRODUCT_NAME).profdata";
				CLANG_WARN_QUOTED_INCLUDE_IN_FRAMEWORK_HEADER = "$(inherited)";
				CODE_SIGN_STYLE = Automatic;
				DEVELOPMENT_TEAM = 97LF6BB4ZK;
				DRIVERKIT_DEPLOYMENT_TARGET = 20.0;
				ENABLE_USER_SCRIPT_SANDBOXING = NO;
				INFOPLIST_FILE = "$(TARGET_NAME)/SupportingFiles/Info.plist";
				IPHONEOS_DEPLOYMENT_TARGET = 13.0;
				LD_RUNPATH_SEARCH_PATHS = (
					"$(inherited)",
					"@executable_path/Frameworks",
					"@loader_path/Frameworks",
				);
				MACOSX_DEPLOYMENT_TARGET = 13.0;
				MARKETING_VERSION = 1.0.0;
				PRODUCT_BUNDLE_IDENTIFIER = "{{cookiecutter.organization_identifier}}.{{cookiecutter.product_name}}Tests";
				PRODUCT_MODULE_NAME = "$(PRODUCT_NAME)";
				PRODUCT_NAME = "$(TARGET_NAME)";
				SWIFT_VERSION = 5.0;
				TARGETED_DEVICE_FAMILY = "1,2";
				TVOS_DEPLOYMENT_TARGET = 13.0;
				VERSIONING_SYSTEM = "apple-generic-hidden";
				WATCHOS_DEPLOYMENT_TARGET = 10.0;
				XROS_DEPLOYMENT_TARGET = 1.0;
			};
			name = Release;
		};
		D27A8A2325203F1A006A6125 /* Debug */ = {
			isa = XCBuildConfiguration;
			buildSettings = {
				ALWAYS_SEARCH_USER_PATHS = NO;
				ASSETCATALOG_COMPILER_GENERATE_SWIFT_ASSET_SYMBOL_EXTENSIONS = YES;
				ASSETCATALOG_COMPILER_OPTIMIZATION = space;
				CLANG_ANALYZER_NONNULL = YES;
				CLANG_ANALYZER_NUMBER_OBJECT_CONVERSION = YES_AGGRESSIVE;
				CLANG_CXX_LANGUAGE_STANDARD = "compiler-default";
				CLANG_CXX_LIBRARY = "compiler-default";
				CLANG_ENABLE_MODULES = YES;
				CLANG_ENABLE_OBJC_ARC = YES;
				CLANG_ENABLE_OBJC_WEAK = YES;
				CLANG_WARN_BLOCK_CAPTURE_AUTORELEASING = YES;
				CLANG_WARN_BOOL_CONVERSION = YES;
				CLANG_WARN_COMMA = YES;
				CLANG_WARN_CONSTANT_CONVERSION = YES;
				CLANG_WARN_DEPRECATED_OBJC_IMPLEMENTATIONS = YES;
				CLANG_WARN_DIRECT_OBJC_ISA_USAGE = YES_ERROR;
				CLANG_WARN_DOCUMENTATION_COMMENTS = YES;
				CLANG_WARN_EMPTY_BODY = YES;
				CLANG_WARN_ENUM_CONVERSION = YES;
				CLANG_WARN_INFINITE_RECURSION = YES;
				CLANG_WARN_INT_CONVERSION = YES;
				CLANG_WARN_NON_LITERAL_NULL_CONVERSION = YES;
				CLANG_WARN_OBJC_IMPLICIT_RETAIN_SELF = YES;
				CLANG_WARN_OBJC_LITERAL_CONVERSION = YES;
				CLANG_WARN_OBJC_ROOT_CLASS = YES_ERROR;
				CLANG_WARN_QUOTED_INCLUDE_IN_FRAMEWORK_HEADER = YES;
				CLANG_WARN_RANGE_LOOP_ANALYSIS = YES;
				CLANG_WARN_STRICT_PROTOTYPES = YES;
				CLANG_WARN_SUSPICIOUS_MOVE = YES;
				CLANG_WARN_UNGUARDED_AVAILABILITY = YES_AGGRESSIVE;
				CLANG_WARN_UNREACHABLE_CODE = YES;
				CLANG_WARN__DUPLICATE_METHOD_MATCH = YES;
				COPY_PHASE_STRIP = NO;
				CURRENT_PROJECT_VERSION = 1;
				DEBUG_INFORMATION_FORMAT = dwarf;
				DRIVERKIT_DEPLOYMENT_TARGET = 20.0;
				ENABLE_STRICT_OBJC_MSGSEND = YES;
				ENABLE_TESTABILITY = YES;
				ENABLE_USER_SCRIPT_SANDBOXING = YES;
				GCC_C_LANGUAGE_STANDARD = "compiler-default";
				GCC_DYNAMIC_NO_PIC = NO;
				GCC_NO_COMMON_BLOCKS = YES;
				GCC_OPTIMIZATION_LEVEL = 0;
				GCC_PREPROCESSOR_DEFINITIONS = (
					"DEBUG=1",
					"$(inherited)",
				);
				GCC_WARN_64_TO_32_BIT_CONVERSION = YES;
				GCC_WARN_ABOUT_RETURN_TYPE = YES_ERROR;
				GCC_WARN_UNDECLARED_SELECTOR = YES;
				GCC_WARN_UNINITIALIZED_AUTOS = YES_AGGRESSIVE;
				GCC_WARN_UNUSED_FUNCTION = YES;
				GCC_WARN_UNUSED_VARIABLE = YES;
				IPHONEOS_DEPLOYMENT_TARGET = 13.0;
				MACOSX_DEPLOYMENT_TARGET = 13.0;
				MARKETING_VERSION = 1.0.0;
				MTL_ENABLE_DEBUG_INFO = INCLUDE_SOURCE;
				MTL_FAST_MATH = YES;
				ONLY_ACTIVE_ARCH = YES;
				SDKROOT = iphoneos;
				SWIFT_ACTIVE_COMPILATION_CONDITIONS = DEBUG;
				SWIFT_OPTIMIZATION_LEVEL = "-Onone";
				TVOS_DEPLOYMENT_TARGET = 13.0;
				VERSIONING_SYSTEM = "apple-generic-hidden";
				VERSION_INFO_PREFIX = "";
				WATCHOS_DEPLOYMENT_TARGET = 10.0;
				XROS_DEPLOYMENT_TARGET = 1.0;
			};
			name = Debug;
		};
		D27A8A2425203F1A006A6125 /* Release */ = {
			isa = XCBuildConfiguration;
			buildSettings = {
				ALWAYS_SEARCH_USER_PATHS = NO;
				ASSETCATALOG_COMPILER_GENERATE_SWIFT_ASSET_SYMBOL_EXTENSIONS = YES;
				ASSETCATALOG_COMPILER_OPTIMIZATION = space;
				CLANG_ANALYZER_NONNULL = YES;
				CLANG_ANALYZER_NUMBER_OBJECT_CONVERSION = YES_AGGRESSIVE;
				CLANG_CXX_LANGUAGE_STANDARD = "compiler-default";
				CLANG_CXX_LIBRARY = "compiler-default";
				CLANG_ENABLE_MODULES = YES;
				CLANG_ENABLE_OBJC_ARC = YES;
				CLANG_ENABLE_OBJC_WEAK = YES;
				CLANG_WARN_BLOCK_CAPTURE_AUTORELEASING = YES;
				CLANG_WARN_BOOL_CONVERSION = YES;
				CLANG_WARN_COMMA = YES;
				CLANG_WARN_CONSTANT_CONVERSION = YES;
				CLANG_WARN_DEPRECATED_OBJC_IMPLEMENTATIONS = YES;
				CLANG_WARN_DIRECT_OBJC_ISA_USAGE = YES_ERROR;
				CLANG_WARN_DOCUMENTATION_COMMENTS = YES;
				CLANG_WARN_EMPTY_BODY = YES;
				CLANG_WARN_ENUM_CONVERSION = YES;
				CLANG_WARN_INFINITE_RECURSION = YES;
				CLANG_WARN_INT_CONVERSION = YES;
				CLANG_WARN_NON_LITERAL_NULL_CONVERSION = YES;
				CLANG_WARN_OBJC_IMPLICIT_RETAIN_SELF = YES;
				CLANG_WARN_OBJC_LITERAL_CONVERSION = YES;
				CLANG_WARN_OBJC_ROOT_CLASS = YES_ERROR;
				CLANG_WARN_QUOTED_INCLUDE_IN_FRAMEWORK_HEADER = YES;
				CLANG_WARN_RANGE_LOOP_ANALYSIS = YES;
				CLANG_WARN_STRICT_PROTOTYPES = YES;
				CLANG_WARN_SUSPICIOUS_MOVE = YES;
				CLANG_WARN_UNGUARDED_AVAILABILITY = YES_AGGRESSIVE;
				CLANG_WARN_UNREACHABLE_CODE = YES;
				CLANG_WARN__DUPLICATE_METHOD_MATCH = YES;
				COPY_PHASE_STRIP = NO;
				CURRENT_PROJECT_VERSION = 1;
				DEBUG_INFORMATION_FORMAT = "dwarf-with-dsym";
				DRIVERKIT_DEPLOYMENT_TARGET = 20.0;
				ENABLE_NS_ASSERTIONS = NO;
				ENABLE_STRICT_OBJC_MSGSEND = YES;
				ENABLE_USER_SCRIPT_SANDBOXING = YES;
				GCC_C_LANGUAGE_STANDARD = "compiler-default";
				GCC_NO_COMMON_BLOCKS = YES;
				GCC_OPTIMIZATION_LEVEL = z;
				GCC_WARN_64_TO_32_BIT_CONVERSION = YES;
				GCC_WARN_ABOUT_RETURN_TYPE = YES_ERROR;
				GCC_WARN_UNDECLARED_SELECTOR = YES;
				GCC_WARN_UNINITIALIZED_AUTOS = YES_AGGRESSIVE;
				GCC_WARN_UNUSED_FUNCTION = YES;
				GCC_WARN_UNUSED_VARIABLE = YES;
				IPHONEOS_DEPLOYMENT_TARGET = 13.0;
				MACOSX_DEPLOYMENT_TARGET = 13.0;
				MARKETING_VERSION = 1.0.0;
				MTL_ENABLE_DEBUG_INFO = NO;
				MTL_FAST_MATH = YES;
				SDKROOT = iphoneos;
				SWIFT_COMPILATION_MODE = wholemodule;
				SWIFT_OPTIMIZATION_LEVEL = "-Osize";
				TVOS_DEPLOYMENT_TARGET = 13.0;
				VALIDATE_PRODUCT = YES;
				VERSIONING_SYSTEM = "apple-generic-hidden";
				VERSION_INFO_PREFIX = "";
				WATCHOS_DEPLOYMENT_TARGET = 10.0;
				XROS_DEPLOYMENT_TARGET = 1.0;
			};
			name = Release;
		};
		D27A8A2625203F1A006A6125 /* Debug */ = {
			isa = XCBuildConfiguration;
			buildSettings = {
				ALWAYS_EMBED_SWIFT_STANDARD_LIBRARIES = "$(inherited)";
				ASSETCATALOG_COMPILER_OPTIMIZATION = time;
				BUILD_LIBRARY_FOR_DISTRIBUTION = YES;
				CLANG_CXX_LANGUAGE_STANDARD = "compiler-default";
				CLANG_CXX_LIBRARY = "compiler-default";
				CLANG_ENABLE_MODULES = YES;
				CODE_SIGNING_ALLOWED = NO;
				CODE_SIGNING_REQUIRED = NO;
				CODE_SIGN_IDENTITY = "";
				CODE_SIGN_STYLE = Automatic;
				CURRENT_PROJECT_VERSION = 1;
				DEFINES_MODULE = YES;
				DEVELOPMENT_TEAM = 97LF6BB4ZK;
				DRIVERKIT_DEPLOYMENT_TARGET = 20.0;
				DYLIB_COMPATIBILITY_VERSION = 1;
				DYLIB_CURRENT_VERSION = 1;
				DYLIB_INSTALL_NAME_BASE = "@rpath";
				ENABLE_MODULE_VERIFIER = YES;
				ENABLE_USER_SCRIPT_SANDBOXING = NO;
				GCC_C_LANGUAGE_STANDARD = "compiler-default";
				INFOPLIST_FILE = "$(TARGET_NAME)/SupportingFiles/Info.plist";
				INSTALL_PATH = "$(LOCAL_LIBRARY_DIR)/Frameworks";
				IPHONEOS_DEPLOYMENT_TARGET = 13.0;
				LD_RUNPATH_SEARCH_PATHS = (
					"$(inherited)",
					"@executable_path/Frameworks",
					"@loader_path/Frameworks",
				);
				MACH_O_TYPE = staticlib;
				MACOSX_DEPLOYMENT_TARGET = 13.0;
				MARKETING_VERSION = 1.0.0;
				MODULE_VERIFIER_SUPPORTED_LANGUAGE_STANDARDS = "";
				PRODUCT_BUNDLE_IDENTIFIER = "{{cookiecutter.organization_identifier}}.{{cookiecutter.product_name}}";
				PRODUCT_MODULE_NAME = "{{cookiecutter.product_name}}";
				PRODUCT_NAME = "{{cookiecutter.product_name}}";
				SKIP_INSTALL = YES;
				STRIP_STYLE = "non-global";
				SUPPORTS_MACCATALYST = NO;
				SWIFT_OPTIMIZATION_LEVEL = "-Onone";
				SWIFT_VERSION = 5.0;
				TARGETED_DEVICE_FAMILY = 1;
				TVOS_DEPLOYMENT_TARGET = 13.0;
				UNLOCALIZED_RESOURCES_FOLDER_PATH = "$(FULL_PRODUCT_NAME)/Resources";
				VERSIONING_SYSTEM = "apple-generic-hidden";
				WATCHOS_DEPLOYMENT_TARGET = 10.0;
				XROS_DEPLOYMENT_TARGET = 1.0;
			};
			name = Debug;
		};
		D27A8A2725203F1A006A6125 /* Release */ = {
			isa = XCBuildConfiguration;
			buildSettings = {
				ALWAYS_EMBED_SWIFT_STANDARD_LIBRARIES = "$(inherited)";
				BUILD_LIBRARY_FOR_DISTRIBUTION = YES;
				CLANG_CXX_LANGUAGE_STANDARD = "compiler-default";
				CLANG_CXX_LIBRARY = "compiler-default";
				CLANG_ENABLE_MODULES = YES;
				CODE_SIGNING_ALLOWED = NO;
				CODE_SIGNING_REQUIRED = NO;
				CODE_SIGN_IDENTITY = "";
				CODE_SIGN_STYLE = Automatic;
				COPY_PHASE_STRIP = YES;
				CURRENT_PROJECT_VERSION = 1;
				DEFINES_MODULE = YES;
				DEPLOYMENT_POSTPROCESSING = YES;
				DEVELOPMENT_TEAM = 97LF6BB4ZK;
				DRIVERKIT_DEPLOYMENT_TARGET = 20.0;
				DYLIB_COMPATIBILITY_VERSION = 1;
				DYLIB_CURRENT_VERSION = 1;
				DYLIB_INSTALL_NAME_BASE = "@rpath";
				ENABLE_MODULE_VERIFIER = YES;
				ENABLE_USER_SCRIPT_SANDBOXING = NO;
				GCC_C_LANGUAGE_STANDARD = "compiler-default";
				INFOPLIST_FILE = "$(TARGET_NAME)/SupportingFiles/Info.plist";
				INSTALL_PATH = "$(LOCAL_LIBRARY_DIR)/Frameworks";
				IPHONEOS_DEPLOYMENT_TARGET = 13.0;
				LD_RUNPATH_SEARCH_PATHS = (
					"$(inherited)",
					"@executable_path/Frameworks",
					"@loader_path/Frameworks",
				);
				LLVM_LTO = YES_THIN;
				MACH_O_TYPE = staticlib;
				MACOSX_DEPLOYMENT_TARGET = 13.0;
				MARKETING_VERSION = 1.0.0;
				MODULE_VERIFIER_SUPPORTED_LANGUAGE_STANDARDS = "";
				PRODUCT_BUNDLE_IDENTIFIER = "{{cookiecutter.organization_identifier}}.{{cookiecutter.product_name}}";
				PRODUCT_MODULE_NAME = "{{cookiecutter.product_name}}";
				PRODUCT_NAME = "{{cookiecutter.product_name}}";
				SKIP_INSTALL = YES;
				STRIP_STYLE = "non-global";
				SUPPORTS_MACCATALYST = NO;
				SWIFT_VERSION = 5.0;
				TARGETED_DEVICE_FAMILY = 1;
				TVOS_DEPLOYMENT_TARGET = 13.0;
				UNLOCALIZED_RESOURCES_FOLDER_PATH = "$(FULL_PRODUCT_NAME)/Resources";
				VERSIONING_SYSTEM = "apple-generic-hidden";
				WATCHOS_DEPLOYMENT_TARGET = 10.0;
				XROS_DEPLOYMENT_TARGET = 1.0;
			};
			name = Release;
		};
/* End XCBuildConfiguration section */

/* Begin XCConfigurationList section */
		D23FF0D925AD9B5500D755D9 /* Build configuration list for PBXNativeTarget "{{cookiecutter.product_name}}Demo" */ = {
			isa = XCConfigurationList;
			buildConfigurations = (
				D23FF0D725AD9B5500D755D9 /* Debug */,
				D23FF0D825AD9B5500D755D9 /* Release */,
			);
			defaultConfigurationIsVisible = 0;
			defaultConfigurationName = Release;
		};
		D23FF0E825AD9C5600D755D9 /* Build configuration list for PBXNativeTarget "{{cookiecutter.product_name}}Tests" */ = {
			isa = XCConfigurationList;
			buildConfigurations = (
				D23FF0E925AD9C5600D755D9 /* Debug */,
				D23FF0EA25AD9C5600D755D9 /* Release */,
			);
			defaultConfigurationIsVisible = 0;
			defaultConfigurationName = Release;
		};
		D27A8A1725203F1A006A6125 /* Build configuration list for PBXProject "{{cookiecutter.product_name}}" */ = {
			isa = XCConfigurationList;
			buildConfigurations = (
				D27A8A2325203F1A006A6125 /* Debug */,
				D27A8A2425203F1A006A6125 /* Release */,
			);
			defaultConfigurationIsVisible = 0;
			defaultConfigurationName = Release;
		};
		D27A8A2525203F1A006A6125 /* Build configuration list for PBXNativeTarget "{{cookiecutter.product_name}}" */ = {
			isa = XCConfigurationList;
			buildConfigurations = (
				D27A8A2625203F1A006A6125 /* Debug */,
				D27A8A2725203F1A006A6125 /* Release */,
			);
			defaultConfigurationIsVisible = 0;
			defaultConfigurationName = Release;
		};
/* End XCConfigurationList section */
	};
	rootObject = D27A8A1425203F1A006A6125 /* Project object */;
}
