// !$*UTF8*$!
{
	archiveVersion = 1;
	classes = {
	};
	objectVersion = 50;
	objects = {

/* Begin PBXBuildFile section */
		D2BD673726088090006BD02D /* main.swift in Sources */ = {isa = PBXBuildFile; fileRef = D2BD673626088090006BD02D /* main.swift */; };
		D2BD674026088093006BD02D /* Assets.xcassets in Resources */ = {isa = PBXBuildFile; fileRef = D2BD673F26088093006BD02D /* Assets.xcassets */; };
		D2BD674326088093006BD02D /* LaunchScreen.storyboard in Resources */ = {isa = PBXBuildFile; fileRef = D2BD674126088093006BD02D /* LaunchScreen.storyboard */; };
		FD9234E80A9FDA77BEFF8A72 /* Pods___cookiecutter_product_name__.framework in Frameworks */ = {isa = PBXBuildFile; fileRef = 144A230517C3780632130803 /* Pods___cookiecutter_product_name__.framework */; };
/* End PBXBuildFile section */

/* Begin PBXFileReference section */
		144A230517C3780632130803 /* Pods___cookiecutter_product_name__.framework */ = {isa = PBXFileReference; explicitFileType = wrapper.framework; includeInIndex = 0; path = "Pods___cookiecutter_product_name__.framework"; sourceTree = BUILT_PRODUCTS_DIR; };
		27F644BCA2E5C547768B39D7 /* Pods-{{cookiecutter.product_name}}.debug.xcconfig */ = {isa = PBXFileReference; includeInIndex = 1; lastKnownFileType = text.xcconfig; name = "Pods-{{cookiecutter.product_name}}.debug.xcconfig"; path = "Target Support Files/Pods-{{cookiecutter.product_name}}/Pods-{{cookiecutter.product_name}}.debug.xcconfig"; sourceTree = "<group>"; };
		6F73B5F92C33AB8700768585 /* README.md */ = {isa = PBXFileReference; lastKnownFileType = net.daringfireball.markdown; path = README.md; sourceTree = SOURCE_ROOT; };
		91E6CA0619DCBFA22C5CB60D /* Pods-{{cookiecutter.product_name}}.release.xcconfig */ = {isa = PBXFileReference; includeInIndex = 1; lastKnownFileType = text.xcconfig; name = "Pods-{{cookiecutter.product_name}}.release.xcconfig"; path = "Target Support Files/Pods-{{cookiecutter.product_name}}/Pods-{{cookiecutter.product_name}}.release.xcconfig"; sourceTree = "<group>"; };
		D2BD673326088090006BD02D /* {{cookiecutter.product_name}}.app */ = {isa = PBXFileReference; explicitFileType = wrapper.application; includeInIndex = 0; path = "{{cookiecutter.product_name}}.app"; sourceTree = BUILT_PRODUCTS_DIR; };
		D2BD673626088090006BD02D /* main.swift */ = {isa = PBXFileReference; lastKnownFileType = sourcecode.swift; path = main.swift; sourceTree = "<group>"; };
		D2BD673F26088093006BD02D /* Assets.xcassets */ = {isa = PBXFileReference; lastKnownFileType = folder.assetcatalog; path = Assets.xcassets; sourceTree = "<group>"; };
		D2BD674226088093006BD02D /* Base */ = {isa = PBXFileReference; lastKnownFileType = file.storyboard; name = Base; path = Base.lproj/LaunchScreen.storyboard; sourceTree = "<group>"; };
		D2BD674426088093006BD02D /* Info.plist */ = {isa = PBXFileReference; lastKnownFileType = text.plist.xml; path = Info.plist; sourceTree = "<group>"; };
/* End PBXFileReference section */

/* Begin PBXFrameworksBuildPhase section */
		D2BD673026088090006BD02D /* Frameworks */ = {
			isa = PBXFrameworksBuildPhase;
			buildActionMask = 2147483647;
			files = (
				FD9234E80A9FDA77BEFF8A72 /* Pods___cookiecutter_product_name__.framework in Frameworks */,
			);
			runOnlyForDeploymentPostprocessing = 0;
		};
/* End PBXFrameworksBuildPhase section */

/* Begin PBXGroup section */
		66293429FF8BB9ADC175FABA /* Pods */ = {
			isa = PBXGroup;
			children = (
				27F644BCA2E5C547768B39D7 /* Pods-{{cookiecutter.product_name}}.debug.xcconfig */,
				91E6CA0619DCBFA22C5CB60D /* Pods-{{cookiecutter.product_name}}.release.xcconfig */,
			);
			path = Pods;
			sourceTree = "<group>";
		};
		D2BD672A26088090006BD02D = {
			isa = PBXGroup;
			children = (
				D2BD673526088090006BD02D /* {{cookiecutter.product_name}} */,
				D2BD673426088090006BD02D /* Products */,
				66293429FF8BB9ADC175FABA /* Pods */,
				FCA1FDD1849F38F5F37AA5FC /* Frameworks */,
			);
			sourceTree = "<group>";
		};
		D2BD673426088090006BD02D /* Products */ = {
			isa = PBXGroup;
			children = (
				D2BD673326088090006BD02D /* {{cookiecutter.product_name}}.app */,
			);
			name = Products;
			sourceTree = "<group>";
		};
		D2BD673526088090006BD02D /* {{cookiecutter.product_name}} */ = {
			isa = PBXGroup;
			children = (
				D2BD673626088090006BD02D /* main.swift */,
				D2BD673F26088093006BD02D /* Assets.xcassets */,
				D2BD674426088093006BD02D /* Info.plist */,
				D2BD674126088093006BD02D /* LaunchScreen.storyboard */,
				6F73B5F92C33AB8700768585 /* README.md */,
			);
			path = "{{cookiecutter.product_name}}";
			sourceTree = "<group>";
		};
		FCA1FDD1849F38F5F37AA5FC /* Frameworks */ = {
			isa = PBXGroup;
			children = (
				144A230517C3780632130803 /* Pods___cookiecutter_product_name__.framework */,
			);
			name = Frameworks;
			sourceTree = "<group>";
		};
/* End PBXGroup section */

/* Begin PBXNativeTarget section */
		D2BD673226088090006BD02D /* {{cookiecutter.product_name}} */ = {
			isa = PBXNativeTarget;
			buildConfigurationList = D2BD674726088093006BD02D /* Build configuration list for PBXNativeTarget "{{cookiecutter.product_name}}" */;
			buildPhases = (
				416EA549D26BC2D41A3FC3DE /* [CP] Check Pods Manifest.lock */,
				D2BD672F26088090006BD02D /* Sources */,
				D2BD673026088090006BD02D /* Frameworks */,
				D2BD673126088090006BD02D /* Resources */,
			);
			buildRules = (
			);
			dependencies = (
			);
			name = "{{cookiecutter.product_name}}";
			productName = "{{cookiecutter.product_name}}";
			productReference = D2BD673326088090006BD02D /* {{cookiecutter.product_name}}.app */;
			productType = "com.apple.product-type.application";
		};
/* End PBXNativeTarget section */

/* Begin PBXProject section */
		D2BD672B26088090006BD02D /* Project object */ = {
			isa = PBXProject;
			attributes = {
				LastSwiftUpdateCheck = 1240;
				LastUpgradeCheck = 1240;
				ORGANIZATIONNAME = "{{cookiecutter.organization_name}}";
				TargetAttributes = {
					D2BD673226088090006BD02D = {
						CreatedOnToolsVersion = 12.4;
					};
				};
			};
			buildConfigurationList = D2BD672E26088090006BD02D /* Build configuration list for PBXProject "{{cookiecutter.product_name}}" */;
			compatibilityVersion = "Xcode 9.3";
			developmentRegion = en;
			hasScannedForEncodings = 0;
			knownRegions = (
				en,
				Base,
			);
			mainGroup = D2BD672A26088090006BD02D;
			productRefGroup = D2BD673426088090006BD02D /* Products */;
			projectDirPath = "";
			projectRoot = "";
			targets = (
				D2BD673226088090006BD02D /* {{cookiecutter.product_name}} */,
			);
		};
/* End PBXProject section */

/* Begin PBXResourcesBuildPhase section */
		D2BD673126088090006BD02D /* Resources */ = {
			isa = PBXResourcesBuildPhase;
			buildActionMask = 2147483647;
			files = (
				D2BD674326088093006BD02D /* LaunchScreen.storyboard in Resources */,
				D2BD674026088093006BD02D /* Assets.xcassets in Resources */,
			);
			runOnlyForDeploymentPostprocessing = 0;
		};
/* End PBXResourcesBuildPhase section */

/* Begin PBXShellScriptBuildPhase section */
		416EA549D26BC2D41A3FC3DE /* [CP] Check Pods Manifest.lock */ = {
			isa = PBXShellScriptBuildPhase;
			buildActionMask = 2147483647;
			files = (
			);
			inputFileListPaths = (
			);
			inputPaths = (
				"${PODS_PODFILE_DIR_PATH}/Podfile.lock",
				"${PODS_ROOT}/Manifest.lock",
			);
			name = "[CP] Check Pods Manifest.lock";
			outputFileListPaths = (
			);
			outputPaths = (
				"$(DERIVED_FILE_DIR)/Pods-{{cookiecutter.product_name}}-checkManifestLockResult.txt",
			);
			runOnlyForDeploymentPostprocessing = 0;
			shellPath = /bin/sh;
			shellScript = "diff \"${PODS_PODFILE_DIR_PATH}/Podfile.lock\" \"${PODS_ROOT}/Manifest.lock\" > /dev/null\nif [ $? != 0 ] ; then\n    # print error to STDERR\n    echo \"error: The sandbox is not in sync with the Podfile.lock. Run 'pod install' or update your CocoaPods installation.\" >&2\n    exit 1\nfi\n# This output is used by Xcode 'outputs' to avoid re-running this script phase.\necho \"SUCCESS\" > \"${SCRIPT_OUTPUT_FILE_0}\"\n";
			showEnvVarsInLog = 0;
		};
/* End PBXShellScriptBuildPhase section */

/* Begin PBXSourcesBuildPhase section */
		D2BD672F26088090006BD02D /* Sources */ = {
			isa = PBXSourcesBuildPhase;
			buildActionMask = 2147483647;
			files = (
				D2BD673726088090006BD02D /* main.swift in Sources */,
			);
			runOnlyForDeploymentPostprocessing = 0;
		};
/* End PBXSourcesBuildPhase section */

/* Begin PBXVariantGroup section */
		D2BD674126088093006BD02D /* LaunchScreen.storyboard */ = {
			isa = PBXVariantGroup;
			children = (
				D2BD674226088093006BD02D /* Base */,
			);
			name = LaunchScreen.storyboard;
			sourceTree = "<group>";
		};
/* End PBXVariantGroup section */

/* Begin XCBuildConfiguration section */
		D2BD674526088093006BD02D /* Debug */ = {
			isa = XCBuildConfiguration;
			buildSettings = {
				ALWAYS_SEARCH_USER_PATHS = NO;
				CLANG_ANALYZER_NONNULL = YES;
				CLANG_ANALYZER_NUMBER_OBJECT_CONVERSION = YES_AGGRESSIVE;
				CLANG_CXX_LANGUAGE_STANDARD = "compiler-default";
				CLANG_CXX_LIBRARY = "compiler-default";
				CLANG_ENABLE_MODULES = YES;
				CLANG_ENABLE_OBJC_ARC = YES;
				CLANG_ENABLE_OBJC_WEAK = YES;
				CLANG_WARN_BLOCK_CAPTURE_AUTORELEASING = YES;
				CLANG_WARN_BOOL_CONVERSION = YES;
				CLANG_WARN_COMMA = YES;
				CLANG_WARN_CONSTANT_CONVERSION = YES;
				CLANG_WARN_DEPRECATED_OBJC_IMPLEMENTATIONS = YES;
				CLANG_WARN_DIRECT_OBJC_ISA_USAGE = YES_ERROR;
				CLANG_WARN_DOCUMENTATION_COMMENTS = YES;
				CLANG_WARN_EMPTY_BODY = YES;
				CLANG_WARN_ENUM_CONVERSION = YES;
				CLANG_WARN_INFINITE_RECURSION = YES;
				CLANG_WARN_INT_CONVERSION = YES;
				CLANG_WARN_NON_LITERAL_NULL_CONVERSION = YES;
				CLANG_WARN_OBJC_IMPLICIT_RETAIN_SELF = YES;
				CLANG_WARN_OBJC_LITERAL_CONVERSION = YES;
				CLANG_WARN_OBJC_ROOT_CLASS = YES_ERROR;
				CLANG_WARN_QUOTED_INCLUDE_IN_FRAMEWORK_HEADER = YES;
				CLANG_WARN_RANGE_LOOP_ANALYSIS = YES;
				CLANG_WARN_STRICT_PROTOTYPES = YES;
				CLANG_WARN_SUSPICIOUS_MOVE = YES;
				CLANG_WARN_UNGUARDED_AVAILABILITY = YES_AGGRESSIVE;
				CLANG_WARN_UNREACHABLE_CODE = YES;
				CLANG_WARN__DUPLICATE_METHOD_MATCH = YES;
				COPY_PHASE_STRIP = NO;
				DEBUG_INFORMATION_FORMAT = dwarf;
				DRIVERKIT_DEPLOYMENT_TARGET = 20.0;
				ENABLE_STRICT_OBJC_MSGSEND = YES;
				ENABLE_TESTABILITY = YES;
				GCC_C_LANGUAGE_STANDARD = "compiler-default";
				GCC_DYNAMIC_NO_PIC = NO;
				GCC_NO_COMMON_BLOCKS = YES;
				GCC_OPTIMIZATION_LEVEL = 0;
				GCC_PREPROCESSOR_DEFINITIONS = (
					"DEBUG=1",
					"$(inherited)",
				);
				GCC_WARN_64_TO_32_BIT_CONVERSION = YES;
				GCC_WARN_ABOUT_RETURN_TYPE = YES_ERROR;
				GCC_WARN_UNDECLARED_SELECTOR = YES;
				GCC_WARN_UNINITIALIZED_AUTOS = YES_AGGRESSIVE;
				GCC_WARN_UNUSED_FUNCTION = YES;
				GCC_WARN_UNUSED_VARIABLE = YES;
				IPHONEOS_DEPLOYMENT_TARGET = 13.0;
				MACOSX_DEPLOYMENT_TARGET = 13.0;
				MODULE_NAME = "";
				MTL_ENABLE_DEBUG_INFO = INCLUDE_SOURCE;
				MTL_FAST_MATH = YES;
				ONLY_ACTIVE_ARCH = YES;
				SDKROOT = iphoneos;
				SWIFT_ACTIVE_COMPILATION_CONDITIONS = DEBUG;
				SWIFT_OPTIMIZATION_LEVEL = "-Onone";
				SWIFT_VERSION = 5.0;
				TVOS_DEPLOYMENT_TARGET = 13.0;
				WATCHOS_DEPLOYMENT_TARGET = 10.0;
				XROS_DEPLOYMENT_TARGET = 1.0;
			};
			name = Debug;
		};
		D2BD674626088093006BD02D /* Release */ = {
			isa = XCBuildConfiguration;
			buildSettings = {
				ALWAYS_SEARCH_USER_PATHS = NO;
				CLANG_ANALYZER_NONNULL = YES;
				CLANG_ANALYZER_NUMBER_OBJECT_CONVERSION = YES_AGGRESSIVE;
				CLANG_CXX_LANGUAGE_STANDARD = "compiler-default";
				CLANG_CXX_LIBRARY = "compiler-default";
				CLANG_ENABLE_MODULES = YES;
				CLANG_ENABLE_OBJC_ARC = YES;
				CLANG_ENABLE_OBJC_WEAK = YES;
				CLANG_WARN_BLOCK_CAPTURE_AUTORELEASING = YES;
				CLANG_WARN_BOOL_CONVERSION = YES;
				CLANG_WARN_COMMA = YES;
				CLANG_WARN_CONSTANT_CONVERSION = YES;
				CLANG_WARN_DEPRECATED_OBJC_IMPLEMENTATIONS = YES;
				CLANG_WARN_DIRECT_OBJC_ISA_USAGE = YES_ERROR;
				CLANG_WARN_DOCUMENTATION_COMMENTS = YES;
				CLANG_WARN_EMPTY_BODY = YES;
				CLANG_WARN_ENUM_CONVERSION = YES;
				CLANG_WARN_INFINITE_RECURSION = YES;
				CLANG_WARN_INT_CONVERSION = YES;
				CLANG_WARN_NON_LITERAL_NULL_CONVERSION = YES;
				CLANG_WARN_OBJC_IMPLICIT_RETAIN_SELF = YES;
				CLANG_WARN_OBJC_LITERAL_CONVERSION = YES;
				CLANG_WARN_OBJC_ROOT_CLASS = YES_ERROR;
				CLANG_WARN_QUOTED_INCLUDE_IN_FRAMEWORK_HEADER = YES;
				CLANG_WARN_RANGE_LOOP_ANALYSIS = YES;
				CLANG_WARN_STRICT_PROTOTYPES = YES;
				CLANG_WARN_SUSPICIOUS_MOVE = YES;
				CLANG_WARN_UNGUARDED_AVAILABILITY = YES_AGGRESSIVE;
				CLANG_WARN_UNREACHABLE_CODE = YES;
				CLANG_WARN__DUPLICATE_METHOD_MATCH = YES;
				COPY_PHASE_STRIP = NO;
				DEBUG_INFORMATION_FORMAT = "dwarf-with-dsym";
				DRIVERKIT_DEPLOYMENT_TARGET = 20.0;
				ENABLE_NS_ASSERTIONS = NO;
				ENABLE_STRICT_OBJC_MSGSEND = YES;
				GCC_C_LANGUAGE_STANDARD = "compiler-default";
				GCC_NO_COMMON_BLOCKS = YES;
				GCC_OPTIMIZATION_LEVEL = z;
				GCC_WARN_64_TO_32_BIT_CONVERSION = YES;
				GCC_WARN_ABOUT_RETURN_TYPE = YES_ERROR;
				GCC_WARN_UNDECLARED_SELECTOR = YES;
				GCC_WARN_UNINITIALIZED_AUTOS = YES_AGGRESSIVE;
				GCC_WARN_UNUSED_FUNCTION = YES;
				GCC_WARN_UNUSED_VARIABLE = YES;
				IPHONEOS_DEPLOYMENT_TARGET = 13.0;
				MACOSX_DEPLOYMENT_TARGET = 13.0;
				MODULE_NAME = "";
				MTL_ENABLE_DEBUG_INFO = NO;
				MTL_FAST_MATH = YES;
				SDKROOT = iphoneos;
				SWIFT_COMPILATION_MODE = wholemodule;
				SWIFT_OPTIMIZATION_LEVEL = "-Osize";
				SWIFT_VERSION = 5.0;
				TVOS_DEPLOYMENT_TARGET = 13.0;
				VALIDATE_PRODUCT = YES;
				WATCHOS_DEPLOYMENT_TARGET = 10.0;
				XROS_DEPLOYMENT_TARGET = 1.0;
			};
			name = Release;
		};
		D2BD674826088093006BD02D /* Debug */ = {
			isa = XCBuildConfiguration;
			baseConfigurationReference = 27F644BCA2E5C547768B39D7 /* Pods-{{cookiecutter.product_name}}.debug.xcconfig */;
			buildSettings = {
				ASSETCATALOG_COMPILER_APPICON_NAME = AppIcon;
				ASSETCATALOG_COMPILER_GLOBAL_ACCENT_COLOR_NAME = AccentColor;
				CODE_SIGN_STYLE = Automatic;
				CURRENT_PROJECT_VERSION = 1;
				DRIVERKIT_DEPLOYMENT_TARGET = 20.0;
				GCC_C_LANGUAGE_STANDARD = "compiler-default";
				IBSC_MODULE = "{{cookiecutter.product_name}}";
				INFOPLIST_FILE = "{{cookiecutter.product_name}}/Info.plist";
				IPHONEOS_DEPLOYMENT_TARGET = 13.0;
				LD_RUNPATH_SEARCH_PATHS = (
					"$(inherited)",
					"@executable_path/Frameworks",
				);
				MACOSX_DEPLOYMENT_TARGET = 13.0;
				MARKETING_VERSION = 1.0.0;
				PRODUCT_BUNDLE_IDENTIFIER = "{{cookiecutter.organization_identifier}}.{{cookiecutter.product_name}}";
				PRODUCT_MODULE_NAME = "{{cookiecutter.product_name}}";
				PRODUCT_NAME = "$(TARGET_NAME)";
				SWIFT_VERSION = 5.0;
				TARGETED_DEVICE_FAMILY = "1,2";
				TVOS_DEPLOYMENT_TARGET = 13.0;
				WATCHOS_DEPLOYMENT_TARGET = 10.0;
				XROS_DEPLOYMENT_TARGET = 1.0;
			};
			name = Debug;
		};
		D2BD674926088093006BD02D /* Release */ = {
			isa = XCBuildConfiguration;
			baseConfigurationReference = 91E6CA0619DCBFA22C5CB60D /* Pods-{{cookiecutter.product_name}}.release.xcconfig */;
			buildSettings = {
				ASSETCATALOG_COMPILER_APPICON_NAME = AppIcon;
				ASSETCATALOG_COMPILER_GLOBAL_ACCENT_COLOR_NAME = AccentColor;
				CODE_SIGN_STYLE = Automatic;
				CURRENT_PROJECT_VERSION = 1;
				DRIVERKIT_DEPLOYMENT_TARGET = 20.0;
				GCC_C_LANGUAGE_STANDARD = "compiler-default";
				GCC_OPTIMIZATION_LEVEL = z;
				IBSC_MODULE = "{{cookiecutter.product_name}}";
				INFOPLIST_FILE = "{{cookiecutter.product_name}}/Info.plist";
				IPHONEOS_DEPLOYMENT_TARGET = 13.0;
				LD_RUNPATH_SEARCH_PATHS = (
					"$(inherited)",
					"@executable_path/Frameworks",
				);
				MACOSX_DEPLOYMENT_TARGET = 13.0;
				MARKETING_VERSION = 1.0.0;
				PRODUCT_BUNDLE_IDENTIFIER = "{{cookiecutter.organization_identifier}}.{{cookiecutter.product_name}}";
				PRODUCT_MODULE_NAME = "{{cookiecutter.product_name}}";
				PRODUCT_NAME = "$(TARGET_NAME)";
				SWIFT_OPTIMIZATION_LEVEL = "-Osize";
				SWIFT_VERSION = 5.0;
				TARGETED_DEVICE_FAMILY = "1,2";
				TVOS_DEPLOYMENT_TARGET = 13.0;
				WATCHOS_DEPLOYMENT_TARGET = 10.0;
				XROS_DEPLOYMENT_TARGET = 1.0;
			};
			name = Release;
		};
/* End XCBuildConfiguration section */

/* Begin XCConfigurationList section */
		D2BD672E26088090006BD02D /* Build configuration list for PBXProject "{{cookiecutter.product_name}}" */ = {
			isa = XCConfigurationList;
			buildConfigurations = (
				D2BD674526088093006BD02D /* Debug */,
				D2BD674626088093006BD02D /* Release */,
			);
			defaultConfigurationIsVisible = 0;
			defaultConfigurationName = Release;
		};
		D2BD674726088093006BD02D /* Build configuration list for PBXNativeTarget "{{cookiecutter.product_name}}" */ = {
			isa = XCConfigurationList;
			buildConfigurations = (
				D2BD674826088093006BD02D /* Debug */,
				D2BD674926088093006BD02D /* Release */,
			);
			defaultConfigurationIsVisible = 0;
			defaultConfigurationName = Release;
		};
/* End XCConfigurationList section */
	};
	rootObject = D2BD672B26088090006BD02D /* Project object */;
}
